
Microsoft Visual Studio Solution File, Format Version 12.00
# Visual Studio Version 17
VisualStudioVersion = 17.1.32210.238
MinimumVisualStudioVersion = 10.0.40219.1
Project("{FAE04EC0-301F-11D3-BF4B-00C04F79EFBC}") = "Lutfullin41size", "Lutfullin41size.csproj", "{71DB6AC4-32E6-42EC-81CF-1A8E6AB15741}"
EndProject
Global
	GlobalSection(SolutionConfigurationPlatforms) = preSolution
		Debug|Any CPU = Debug|Any CPU
		Release|Any CPU = Release|Any CPU
	EndGlobalSection
	GlobalSection(ProjectConfigurationPlatforms) = postSolution
		{71DB6AC4-32E6-42EC-81CF-1A8E6AB15741}.Debug|Any CPU.ActiveCfg = Debug|Any CPU
		{71DB6AC4-32E6-42EC-81CF-1A8E6AB15741}.Debug|Any CPU.Build.0 = Debug|Any CPU
		{71DB6AC4-32E6-42EC-81CF-1A8E6AB15741}.Release|Any CPU.ActiveCfg = Release|Any CPU
		{71DB6AC4-32E6-42EC-81CF-1A8E6AB15741}.Release|Any CPU.Build.0 = Release|Any CPU
	EndGlobalSection
	GlobalSection(SolutionProperties) = preSolution
		HideSolutionNode = FALSE
	EndGlobalSection
	GlobalSection(ExtensibilityGlobals) = postSolution
		SolutionGuid = {8D3E0695-950F-44AD-97C4-429CA1C36989}
	EndGlobalSection
EndGlobal
